// !$*UTF8*$!
{
	archiveVersion = 1;
	classes = {
	};
	objectVersion = 56;
	objects = {

/* Begin PBXBuildFile section */
		BAC390F12C5513D20028D914 /* ProfileAppApp.swift in Sources */ = {isa = PBXBuildFile; fileRef = BAC390F02C5513D20028D914 /* ProfileAppApp.swift */; };
		BAC390F32C5513D20028D914 /* ContentView.swift in Sources */ = {isa = PBXBuildFile; fileRef = BAC390F22C5513D20028D914 /* ContentView.swift */; };
		BAC390F52C5513D80028D914 /* Assets.xcassets in Resources */ = {isa = PBXBuildFile; fileRef = BAC390F42C5513D80028D914 /* Assets.xcassets */; };
		BAC390F92C5513D80028D914 /* Preview Assets.xcassets in Resources */ = {isa = PBXBuildFile; fileRef = BAC390F82C5513D80028D914 /* Preview Assets.xcassets */; };
		BAC391032C5513D80028D914 /* ProfileAppTests.swift in Sources */ = {isa = PBXBuildFile; fileRef = BAC391022C5513D80028D914 /* ProfileAppTests.swift */; };
		BAC3910D2C5513D80028D914 /* ProfileAppUITests.swift in Sources */ = {isa = PBXBuildFile; fileRef = BAC3910C2C5513D80028D914 /* ProfileAppUITests.swift */; };
		BAC3910F2C5513D80028D914 /* ProfileAppUITestsLaunchTests.swift in Sources */ = {isa = PBXBuildFile; fileRef = BAC3910E2C5513D80028D914 /* ProfileAppUITestsLaunchTests.swift */; };
/* End PBXBuildFile section */

/* Begin PBXContainerItemProxy section */
		BAC390FF2C5513D80028D914 /* PBXContainerItemProxy */ = {
			isa = PBXContainerItemProxy;
			containerPortal = BAC390E52C5513D20028D914 /* Project object */;
			proxyType = 1;
			remoteGlobalIDString = BAC390EC2C5513D20028D914;
			remoteInfo = ProfileApp;
		};
		BAC391092C5513D80028D914 /* PBXContainerItemProxy */ = {
			isa = PBXContainerItemProxy;
			containerPortal = BAC390E52C5513D20028D914 /* Project object */;
			proxyType = 1;
			remoteGlobalIDString = BAC390EC2C5513D20028D914;
			remoteInfo = ProfileApp;
		};
/* End PBXContainerItemProxy section */

/* Begin PBXFileReference section */
		BAC390ED2C5513D20028D914 /* ProfileApp.app */ = {isa = PBXFileReference; explicitFileType = wrapper.application; includeInIndex = 0; path = ProfileApp.app; sourceTree = BUILT_PRODUCTS_DIR; };
		BAC390F02C5513D20028D914 /* ProfileAppApp.swift */ = {isa = PBXFileReference; lastKnownFileType = sourcecode.swift; path = ProfileAppApp.swift; sourceTree = "<group>"; };
		BAC390F22C5513D20028D914 /* ContentView.swift */ = {isa = PBXFileReference; lastKnownFileType = sourcecode.swift; path = ContentView.swift; sourceTree = "<group>"; };
		BAC390F42C5513D80028D914 /* Assets.xcassets */ = {isa = PBXFileReference; lastKnownFileType = folder.assetcatalog; path = Assets.xcassets; sourceTree = "<group>"; };
		BAC390F62C5513D80028D914 /* ProfileApp.entitlements */ = {isa = PBXFileReference; lastKnownFileType = text.plist.entitlements; path = ProfileApp.entitlements; sourceTree = "<group>"; };
		BAC390F82C5513D80028D914 /* Preview Assets.xcassets */ = {isa = PBXFileReference; lastKnownFileType = folder.assetcatalog; path = "Preview Assets.xcassets"; sourceTree = "<group>"; };
		BAC390FE2C5513D80028D914 /* ProfileAppTests.xctest */ = {isa = PBXFileReference; explicitFileType = wrapper.cfbundle; includeInIndex = 0; path = ProfileAppTests.xctest; sourceTree = BUILT_PRODUCTS_DIR; };
		BAC391022C5513D80028D914 /* ProfileAppTests.swift */ = {isa = PBXFileReference; lastKnownFileType = sourcecode.swift; path = ProfileAppTests.swift; sourceTree = "<group>"; };
		BAC391082C5513D80028D914 /* ProfileAppUITests.xctest */ = {isa = PBXFileReference; explicitFileType = wrapper.cfbundle; includeInIndex = 0; path = ProfileAppUITests.xctest; sourceTree = BUILT_PRODUCTS_DIR; };
		BAC3910C2C5513D80028D914 /* ProfileAppUITests.swift */ = {isa = PBXFileReference; lastKnownFileType = sourcecode.swift; path = ProfileAppUITests.swift; sourceTree = "<group>"; };
		BAC3910E2C5513D80028D914 /* ProfileAppUITestsLaunchTests.swift */ = {isa = PBXFileReference; lastKnownFileType = sourcecode.swift; path = ProfileAppUITestsLaunchTests.swift; sourceTree = "<group>"; };
/* End PBXFileReference section */

/* Begin PBXFrameworksBuildPhase section */
		BAC390EA2C5513D20028D914 /* Frameworks */ = {
			isa = PBXFrameworksBuildPhase;
			buildActionMask = 2147483647;
			files = (
			);
			runOnlyForDeploymentPostprocessing = 0;
		};
		BAC390FB2C5513D80028D914 /* Frameworks */ = {
			isa = PBXFrameworksBuildPhase;
			buildActionMask = 2147483647;
			files = (
			);
			runOnlyForDeploymentPostprocessing = 0;
		};
		BAC391052C5513D80028D914 /* Frameworks */ = {
			isa = PBXFrameworksBuildPhase;
			buildActionMask = 2147483647;
			files = (
			);
			runOnlyForDeploymentPostprocessing = 0;
		};
/* End PBXFrameworksBuildPhase section */

/* Begin PBXGroup section */
		BAC390E42C5513D20028D914 = {
			isa = PBXGroup;
			children = (
				BAC390EF2C5513D20028D914 /* ProfileApp */,
				BAC391012C5513D80028D914 /* ProfileAppTests */,
				BAC3910B2C5513D80028D914 /* ProfileAppUITests */,
				BAC390EE2C5513D20028D914 /* Products */,
			);
			sourceTree = "<group>";
		};
		BAC390EE2C5513D20028D914 /* Products */ = {
			isa = PBXGroup;
			children = (
				BAC390ED2C5513D20028D914 /* ProfileApp.app */,
				BAC390FE2C5513D80028D914 /* ProfileAppTests.xctest */,
				BAC391082C5513D80028D914 /* ProfileAppUITests.xctest */,
			);
			name = Products;
			sourceTree = "<group>";
		};
		BAC390EF2C5513D20028D914 /* ProfileApp */ = {
			isa = PBXGroup;
			children = (
				BAC390F02C5513D20028D914 /* ProfileAppApp.swift */,
				BAC390F22C5513D20028D914 /* ContentView.swift */,
				BAC390F42C5513D80028D914 /* Assets.xcassets */,
				BAC390F62C5513D80028D914 /* ProfileApp.entitlements */,
				BAC390F72C5513D80028D914 /* Preview Content */,
			);
			path = ProfileApp;
			sourceTree = "<group>";
		};
		BAC390F72C5513D80028D914 /* Preview Content */ = {
			isa = PBXGroup;
			children = (
				BAC390F82C5513D80028D914 /* Preview Assets.xcassets */,
			);
			path = "Preview Content";
			sourceTree = "<group>";
		};
		BAC391012C5513D80028D914 /* ProfileAppTests */ = {
			isa = PBXGroup;
			children = (
				BAC391022C5513D80028D914 /* ProfileAppTests.swift */,
			);
			path = ProfileAppTests;
			sourceTree = "<group>";
		};
		BAC3910B2C5513D80028D914 /* ProfileAppUITests */ = {
			isa = PBXGroup;
			children = (
				BAC3910C2C5513D80028D914 /* ProfileAppUITests.swift */,
				BAC3910E2C5513D80028D914 /* ProfileAppUITestsLaunchTests.swift */,
			);
			path = ProfileAppUITests;
			sourceTree = "<group>";
		};
/* End PBXGroup section */

/* Begin PBXNativeTarget section */
		BAC390EC2C5513D20028D914 /* ProfileApp */ = {
			isa = PBXNativeTarget;
			buildConfigurationList = BAC391122C5513D80028D914 /* Build configuration list for PBXNativeTarget "ProfileApp" */;
			buildPhases = (
				BAC390E92C5513D20028D914 /* Sources */,
				BAC390EA2C5513D20028D914 /* Frameworks */,
				BAC390EB2C5513D20028D914 /* Resources */,
			);
			buildRules = (
			);
			dependencies = (
			);
			name = ProfileApp;
			productName = ProfileApp;
			productReference = BAC390ED2C5513D20028D914 /* ProfileApp.app */;
			productType = "com.apple.product-type.application";
		};
		BAC390FD2C5513D80028D914 /* ProfileAppTests */ = {
			isa = PBXNativeTarget;
			buildConfigurationList = BAC391152C5513D80028D914 /* Build configuration list for PBXNativeTarget "ProfileAppTests" */;
			buildPhases = (
				BAC390FA2C5513D80028D914 /* Sources */,
				BAC390FB2C5513D80028D914 /* Frameworks */,
				BAC390FC2C5513D80028D914 /* Resources */,
			);
			buildRules = (
			);
			dependencies = (
				BAC391002C5513D80028D914 /* PBXTargetDependency */,
			);
			name = ProfileAppTests;
			productName = ProfileAppTests;
			productReference = BAC390FE2C5513D80028D914 /* ProfileAppTests.xctest */;
			productType = "com.apple.product-type.bundle.unit-test";
		};
		BAC391072C5513D80028D914 /* ProfileAppUITests */ = {
			isa = PBXNativeTarget;
			buildConfigurationList = BAC391182C5513D80028D914 /* Build configuration list for PBXNativeTarget "ProfileAppUITests" */;
			buildPhases = (
				BAC391042C5513D80028D914 /* Sources */,
				BAC391052C5513D80028D914 /* Frameworks */,
				BAC391062C5513D80028D914 /* Resources */,
			);
			buildRules = (
			);
			dependencies = (
				BAC3910A2C5513D80028D914 /* PBXTargetDependency */,
			);
			name = ProfileAppUITests;
			productName = ProfileAppUITests;
			productReference = BAC391082C5513D80028D914 /* ProfileAppUITests.xctest */;
			productType = "com.apple.product-type.bundle.ui-testing";
		};
/* End PBXNativeTarget section */

/* Begin PBXProject section */
		BAC390E52C5513D20028D914 /* Project object */ = {
			isa = PBXProject;
			attributes = {
				BuildIndependentTargetsInParallel = 1;
				LastSwiftUpdateCheck = 1540;
				LastUpgradeCheck = 1540;
				TargetAttributes = {
					BAC390EC2C5513D20028D914 = {
						CreatedOnToolsVersion = 15.4;
					};
					BAC390FD2C5513D80028D914 = {
						CreatedOnToolsVersion = 15.4;
						TestTargetID = BAC390EC2C5513D20028D914;
					};
					BAC391072C5513D80028D914 = {
						CreatedOnToolsVersion = 15.4;
						TestTargetID = BAC390EC2C5513D20028D914;
					};
				};
			};
			buildConfigurationList = BAC390E82C5513D20028D914 /* Build configuration list for PBXProject "ProfileApp" */;
			compatibilityVersion = "Xcode 14.0";
			developmentRegion = en;
			hasScannedForEncodings = 0;
			knownRegions = (
				en,
				Base,
			);
			mainGroup = BAC390E42C5513D20028D914;
			productRefGroup = BAC390EE2C5513D20028D914 /* Products */;
			projectDirPath = "";
			projectRoot = "";
			targets = (
				BAC390EC2C5513D20028D914 /* ProfileApp */,
				BAC390FD2C5513D80028D914 /* ProfileAppTests */,
				BAC391072C5513D80028D914 /* ProfileAppUITests */,
			);
		};
/* End PBXProject section */

/* Begin PBXResourcesBuildPhase section */
		BAC390EB2C5513D20028D914 /* Resources */ = {
			isa = PBXResourcesBuildPhase;
			buildActionMask = 2147483647;
			files = (
				BAC390F92C5513D80028D914 /* Preview Assets.xcassets in Resources */,
				BAC390F52C5513D80028D914 /* Assets.xcassets in Resources */,
			);
			runOnlyForDeploymentPostprocessing = 0;
		};
		BAC390FC2C5513D80028D914 /* Resources */ = {
			isa = PBXResourcesBuildPhase;
			buildActionMask = 2147483647;
			files = (
			);
			runOnlyForDeploymentPostprocessing = 0;
		};
		BAC391062C5513D80028D914 /* Resources */ = {
			isa = PBXResourcesBuildPhase;
			buildActionMask = 2147483647;
			files = (
			);
			runOnlyForDeploymentPostprocessing = 0;
		};
/* End PBXResourcesBuildPhase section */

/* Begin PBXSourcesBuildPhase section */
		BAC390E92C5513D20028D914 /* Sources */ = {
			isa = PBXSourcesBuildPhase;
			buildActionMask = 2147483647;
			files = (
				BAC390F32C5513D20028D914 /* ContentView.swift in Sources */,
				BAC390F12C5513D20028D914 /* ProfileAppApp.swift in Sources */,
			);
			runOnlyForDeploymentPostprocessing = 0;
		};
		BAC390FA2C5513D80028D914 /* Sources */ = {
			isa = PBXSourcesBuildPhase;
			buildActionMask = 2147483647;
			files = (
				BAC391032C5513D80028D914 /* ProfileAppTests.swift in Sources */,
			);
			runOnlyForDeploymentPostprocessing = 0;
		};
		BAC391042C5513D80028D914 /* Sources */ = {
			isa = PBXSourcesBuildPhase;
			buildActionMask = 2147483647;
			files = (
				BAC3910F2C5513D80028D914 /* ProfileAppUITestsLaunchTests.swift in Sources */,
				BAC3910D2C5513D80028D914 /* ProfileAppUITests.swift in Sources */,
			);
			runOnlyForDeploymentPostprocessing = 0;
		};
/* End PBXSourcesBuildPhase section */

/* Begin PBXTargetDependency section */
		BAC391002C5513D80028D914 /* PBXTargetDependency */ = {
			isa = PBXTargetDependency;
			target = BAC390EC2C5513D20028D914 /* ProfileApp */;
			targetProxy = BAC390FF2C5513D80028D914 /* PBXContainerItemProxy */;
		};
		BAC3910A2C5513D80028D914 /* PBXTargetDependency */ = {
			isa = PBXTargetDependency;
			target = BAC390EC2C5513D20028D914 /* ProfileApp */;
			targetProxy = BAC391092C5513D80028D914 /* PBXContainerItemProxy */;
		};
/* End PBXTargetDependency section */

/* Begin XCBuildConfiguration section */
		BAC391102C5513D80028D914 /* Debug */ = {
			isa = XCBuildConfiguration;
			buildSettings = {
				ALWAYS_SEARCH_USER_PATHS = NO;
				ASSETCATALOG_COMPILER_GENERATE_SWIFT_ASSET_SYMBOL_EXTENSIONS = YES;
				CLANG_ANALYZER_NONNULL = YES;
				CLANG_ANALYZER_NUMBER_OBJECT_CONVERSION = YES_AGGRESSIVE;
				CLANG_CXX_LANGUAGE_STANDARD = "gnu++20";
				CLANG_ENABLE_MODULES = YES;
				CLANG_ENABLE_OBJC_ARC = YES;
				CLANG_ENABLE_OBJC_WEAK = YES;
				CLANG_WARN_BLOCK_CAPTURE_AUTORELEASING = YES;
				CLANG_WARN_BOOL_CONVERSION = YES;
				CLANG_WARN_COMMA = YES;
				CLANG_WARN_CONSTANT_CONVERSION = YES;
				CLANG_WARN_DEPRECATED_OBJC_IMPLEMENTATIONS = YES;
				CLANG_WARN_DIRECT_OBJC_ISA_USAGE = YES_ERROR;
				CLANG_WARN_DOCUMENTATION_COMMENTS = YES;
				CLANG_WARN_EMPTY_BODY = YES;
				CLANG_WARN_ENUM_CONVERSION = YES;
				CLANG_WARN_INFINITE_RECURSION = YES;
				CLANG_WARN_INT_CONVERSION = YES;
				CLANG_WARN_NON_LITERAL_NULL_CONVERSION = YES;
				CLANG_WARN_OBJC_IMPLICIT_RETAIN_SELF = YES;
				CLANG_WARN_OBJC_LITERAL_CONVERSION = YES;
				CLANG_WARN_OBJC_ROOT_CLASS = YES_ERROR;
				CLANG_WARN_QUOTED_INCLUDE_IN_FRAMEWORK_HEADER = YES;
				CLANG_WARN_RANGE_LOOP_ANALYSIS = YES;
				CLANG_WARN_STRICT_PROTOTYPES = YES;
				CLANG_WARN_SUSPICIOUS_MOVE = YES;
				CLANG_WARN_UNGUARDED_AVAILABILITY = YES_AGGRESSIVE;
				CLANG_WARN_UNREACHABLE_CODE = YES;
				CLANG_WARN__DUPLICATE_METHOD_MATCH = YES;
				COPY_PHASE_STRIP = NO;
				DEBUG_INFORMATION_FORMAT = dwarf;
				ENABLE_STRICT_OBJC_MSGSEND = YES;
				ENABLE_TESTABILITY = YES;
				ENABLE_USER_SCRIPT_SANDBOXING = YES;
				GCC_C_LANGUAGE_STANDARD = gnu17;
				GCC_DYNAMIC_NO_PIC = NO;
				GCC_NO_COMMON_BLOCKS = YES;
				GCC_OPTIMIZATION_LEVEL = 0;
				GCC_PREPROCESSOR_DEFINITIONS = (
					"DEBUG=1",
					"$(inherited)",
				);
				GCC_WARN_64_TO_32_BIT_CONVERSION = YES;
				GCC_WARN_ABOUT_RETURN_TYPE = YES_ERROR;
				GCC_WARN_UNDECLARED_SELECTOR = YES;
				GCC_WARN_UNINITIALIZED_AUTOS = YES_AGGRESSIVE;
				GCC_WARN_UNUSED_FUNCTION = YES;
				GCC_WARN_UNUSED_VARIABLE = YES;
				LOCALIZATION_PREFERS_STRING_CATALOGS = YES;
				MTL_ENABLE_DEBUG_INFO = INCLUDE_SOURCE;
				MTL_FAST_MATH = YES;
				ONLY_ACTIVE_ARCH = YES;
				SWIFT_ACTIVE_COMPILATION_CONDITIONS = "DEBUG $(inherited)";
				SWIFT_OPTIMIZATION_LEVEL = "-Onone";
			};
			name = Debug;
		};
		BAC391112C5513D80028D914 /* Release */ = {
			isa = XCBuildConfiguration;
			buildSettings = {
				ALWAYS_SEARCH_USER_PATHS = NO;
				ASSETCATALOG_COMPILER_GENERATE_SWIFT_ASSET_SYMBOL_EXTENSIONS = YES;
				CLANG_ANALYZER_NONNULL = YES;
				CLANG_ANALYZER_NUMBER_OBJECT_CONVERSION = YES_AGGRESSIVE;
				CLANG_CXX_LANGUAGE_STANDARD = "gnu++20";
				CLANG_ENABLE_MODULES = YES;
				CLANG_ENABLE_OBJC_ARC = YES;
				CLANG_ENABLE_OBJC_WEAK = YES;
				CLANG_WARN_BLOCK_CAPTURE_AUTORELEASING = YES;
				CLANG_WARN_BOOL_CONVERSION = YES;
				CLANG_WARN_COMMA = YES;
				CLANG_WARN_CONSTANT_CONVERSION = YES;
				CLANG_WARN_DEPRECATED_OBJC_IMPLEMENTATIONS = YES;
				CLANG_WARN_DIRECT_OBJC_ISA_USAGE = YES_ERROR;
				CLANG_WARN_DOCUMENTATION_COMMENTS = YES;
				CLANG_WARN_EMPTY_BODY = YES;
				CLANG_WARN_ENUM_CONVERSION = YES;
				CLANG_WARN_INFINITE_RECURSION = YES;
				CLANG_WARN_INT_CONVERSION = YES;
				CLANG_WARN_NON_LITERAL_NULL_CONVERSION = YES;
				CLANG_WARN_OBJC_IMPLICIT_RETAIN_SELF = YES;
				CLANG_WARN_OBJC_LITERAL_CONVERSION = YES;
				CLANG_WARN_OBJC_ROOT_CLASS = YES_ERROR;
				CLANG_WARN_QUOTED_INCLUDE_IN_FRAMEWORK_HEADER = YES;
				CLANG_WARN_RANGE_LOOP_ANALYSIS = YES;
				CLANG_WARN_STRICT_PROTOTYPES = YES;
				CLANG_WARN_SUSPICIOUS_MOVE = YES;
				CLANG_WARN_UNGUARDED_AVAILABILITY = YES_AGGRESSIVE;
				CLANG_WARN_UNREACHABLE_CODE = YES;
				CLANG_WARN__DUPLICATE_METHOD_MATCH = YES;
				COPY_PHASE_STRIP = NO;
				DEBUG_INFORMATION_FORMAT = "dwarf-with-dsym";
				ENABLE_NS_ASSERTIONS = NO;
				ENABLE_STRICT_OBJC_MSGSEND = YES;
				ENABLE_USER_SCRIPT_SANDBOXING = YES;
				GCC_C_LANGUAGE_STANDARD = gnu17;
				GCC_NO_COMMON_BLOCKS = YES;
				GCC_WARN_64_TO_32_BIT_CONVERSION = YES;
				GCC_WARN_ABOUT_RETURN_TYPE = YES_ERROR;
				GCC_WARN_UNDECLARED_SELECTOR = YES;
				GCC_WARN_UNINITIALIZED_AUTOS = YES_AGGRESSIVE;
				GCC_WARN_UNUSED_FUNCTION = YES;
				GCC_WARN_UNUSED_VARIABLE = YES;
				LOCALIZATION_PREFERS_STRING_CATALOGS = YES;
				MTL_ENABLE_DEBUG_INFO = NO;
				MTL_FAST_MATH = YES;
				SWIFT_COMPILATION_MODE = wholemodule;
			};
			name = Release;
		};
		BAC391132C5513D80028D914 /* Debug */ = {
			isa = XCBuildConfiguration;
			buildSettings = {
				ASSETCATALOG_COMPILER_APPICON_NAME = AppIcon;
				ASSETCATALOG_COMPILER_GLOBAL_ACCENT_COLOR_NAME = AccentColor;
				CODE_SIGN_ENTITLEMENTS = ProfileApp/ProfileApp.entitlements;
				CODE_SIGN_STYLE = Automatic;
				CURRENT_PROJECT_VERSION = 1;
				DEVELOPMENT_ASSET_PATHS = "\"ProfileApp/Preview Content\"";
				ENABLE_PREVIEWS = YES;
				GENERATE_INFOPLIST_FILE = YES;
				"INFOPLIST_KEY_UIApplicationSceneManifest_Generation[sdk=iphoneos*]" = YES;
				"INFOPLIST_KEY_UIApplicationSceneManifest_Generation[sdk=iphonesimulator*]" = YES;
				"INFOPLIST_KEY_UIApplicationSupportsIndirectInputEvents[sdk=iphoneos*]" = YES;
				"INFOPLIST_KEY_UIApplicationSupportsIndirectInputEvents[sdk=iphonesimulator*]" = YES;
				"INFOPLIST_KEY_UILaunchScreen_Generation[sdk=iphoneos*]" = YES;
				"INFOPLIST_KEY_UILaunchScreen_Generation[sdk=iphonesimulator*]" = YES;
				"INFOPLIST_KEY_UIStatusBarStyle[sdk=iphoneos*]" = UIStatusBarStyleDefault;
				"INFOPLIST_KEY_UIStatusBarStyle[sdk=iphonesimulator*]" = UIStatusBarStyleDefault;
				INFOPLIST_KEY_UISupportedInterfaceOrientations_iPad = "UIInterfaceOrientationPortrait UIInterfaceOrientationPortraitUpsideDown UIInterfaceOrientationLandscapeLeft UIInterfaceOrientationLandscapeRight";
				INFOPLIST_KEY_UISupportedInterfaceOrientations_iPhone = "UIInterfaceOrientationPortrait UIInterfaceOrientationLandscapeLeft UIInterfaceOrientationLandscapeRight";
				IPHONEOS_DEPLOYMENT_TARGET = 17.5;
				LD_RUNPATH_SEARCH_PATHS = "@executable_path/Frameworks";
				"LD_RUNPATH_SEARCH_PATHS[sdk=macosx*]" = "@executable_path/../Frameworks";
				MACOSX_DEPLOYMENT_TARGET = 14.5;
				MARKETING_VERSION = 1.0;
				PRODUCT_BUNDLE_IDENTIFIER = com.sahil..ProfileApp;
				PRODUCT_NAME = "$(TARGET_NAME)";
				SDKROOT = auto;
				SUPPORTED_PLATFORMS = "iphoneos iphonesimulator";
				SUPPORTS_MACCATALYST = NO;
				SWIFT_EMIT_LOC_STRINGS = YES;
				SWIFT_VERSION = 5.0;
				TARGETED_DEVICE_FAMILY = "1,2";
			};
			name = Debug;
		};
		BAC391142C5513D80028D914 /* Release */ = {
			isa = XCBuildConfiguration;
			buildSettings = {
				ASSETCATALOG_COMPILER_APPICON_NAME = AppIcon;
				ASSETCATALOG_COMPILER_GLOBAL_ACCENT_COLOR_NAME = AccentColor;
				CODE_SIGN_ENTITLEMENTS = ProfileApp/ProfileApp.entitlements;
				CODE_SIGN_STYLE = Automatic;
				CURRENT_PROJECT_VERSION = 1;
				DEVELOPMENT_ASSET_PATHS = "\"ProfileApp/Preview Content\"";
				ENABLE_PREVIEWS = YES;
				GENERATE_INFOPLIST_FILE = YES;
				"INFOPLIST_KEY_UIApplicationSceneManifest_Generation[sdk=iphoneos*]" = YES;
				"INFOPLIST_KEY_UIApplicationSceneManifest_Generation[sdk=iphonesimulator*]" = YES;
				"INFOPLIST_KEY_UIApplicationSupportsIndirectInputEvents[sdk=iphoneos*]" = YES;
				"INFOPLIST_KEY_UIApplicationSupportsIndirectInputEvents[sdk=iphonesimulator*]" = YES;
				"INFOPLIST_KEY_UILaunchScreen_Generation[sdk=iphoneos*]" = YES;
				"INFOPLIST_KEY_UILaunchScreen_Generation[sdk=iphonesimulator*]" = YES;
				"INFOPLIST_KEY_UIStatusBarStyle[sdk=iphoneos*]" = UIStatusBarStyleDefault;
				"INFOPLIST_KEY_UIStatusBarStyle[sdk=iphonesimulator*]" = UIStatusBarStyleDefault;
				INFOPLIST_KEY_UISupportedInterfaceOrientations_iPad = "UIInterfaceOrientationPortrait UIInterfaceOrientationPortraitUpsideDown UIInterfaceOrientationLandscapeLeft UIInterfaceOrientationLandscapeRight";
				INFOPLIST_KEY_UISupportedInterfaceOrientations_iPhone = "UIInterfaceOrientationPortrait UIInterfaceOrientationLandscapeLeft UIInterfaceOrientationLandscapeRight";
				IPHONEOS_DEPLOYMENT_TARGET = 17.5;
				LD_RUNPATH_SEARCH_PATHS = "@executable_path/Frameworks";
				"LD_RUNPATH_SEARCH_PATHS[sdk=macosx*]" = "@executable_path/../Frameworks";
				MACOSX_DEPLOYMENT_TARGET = 14.5;
				MARKETING_VERSION = 1.0;
				PRODUCT_BUNDLE_IDENTIFIER = com.sahil..ProfileApp;
				PRODUCT_NAME = "$(TARGET_NAME)";
				SDKROOT = auto;
				SUPPORTED_PLATFORMS = "iphoneos iphonesimulator";
				SUPPORTS_MACCATALYST = NO;
				SWIFT_EMIT_LOC_STRINGS = YES;
				SWIFT_VERSION = 5.0;
				TARGETED_DEVICE_FAMILY = "1,2";
			};
			name = Release;
		};
		BAC391162C5513D80028D914 /* Debug */ = {
			isa = XCBuildConfiguration;
			buildSettings = {
				ALWAYS_EMBED_SWIFT_STANDARD_LIBRARIES = YES;
				BUNDLE_LOADER = "$(TEST_HOST)";
				CODE_SIGN_STYLE = Automatic;
				CURRENT_PROJECT_VERSION = 1;
				GENERATE_INFOPLIST_FILE = YES;
				IPHONEOS_DEPLOYMENT_TARGET = 17.5;
				MACOSX_DEPLOYMENT_TARGET = 14.5;
				MARKETING_VERSION = 1.0;
				PRODUCT_BUNDLE_IDENTIFIER = com.sahil..ProfileAppTests;
				PRODUCT_NAME = "$(TARGET_NAME)";
				SDKROOT = auto;
				SUPPORTED_PLATFORMS = "iphoneos iphonesimulator macosx";
				SWIFT_EMIT_LOC_STRINGS = NO;
				SWIFT_VERSION = 5.0;
				TARGETED_DEVICE_FAMILY = "1,2";
				TEST_HOST = "$(BUILT_PRODUCTS_DIR)/ProfileApp.app/$(BUNDLE_EXECUTABLE_FOLDER_PATH)/ProfileApp";
			};
			name = Debug;
		};
		BAC391172C5513D80028D914 /* Release */ = {
			isa = XCBuildConfiguration;
			buildSettings = {
				ALWAYS_EMBED_SWIFT_STANDARD_LIBRARIES = YES;
				BUNDLE_LOADER = "$(TEST_HOST)";
				CODE_SIGN_STYLE = Automatic;
				CURRENT_PROJECT_VERSION = 1;
				GENERATE_INFOPLIST_FILE = YES;
				IPHONEOS_DEPLOYMENT_TARGET = 17.5;
				MACOSX_DEPLOYMENT_TARGET = 14.5;
				MARKETING_VERSION = 1.0;
				PRODUCT_BUNDLE_IDENTIFIER = com.sahil..ProfileAppTests;
				PRODUCT_NAME = "$(TARGET_NAME)";
				SDKROOT = auto;
				SUPPORTED_PLATFORMS = "iphoneos iphonesimulator macosx";
				SWIFT_EMIT_LOC_STRINGS = NO;
				SWIFT_VERSION = 5.0;
				TARGETED_DEVICE_FAMILY = "1,2";
				TEST_HOST = "$(BUILT_PRODUCTS_DIR)/ProfileApp.app/$(BUNDLE_EXECUTABLE_FOLDER_PATH)/ProfileApp";
			};
			name = Release;
		};
		BAC391192C5513D80028D914 /* Debug */ = {
			isa = XCBuildConfiguration;
			buildSettings = {
				ALWAYS_EMBED_SWIFT_STANDARD_LIBRARIES = YES;
				CODE_SIGN_STYLE = Automatic;
				CURRENT_PROJECT_VERSION = 1;
				GENERATE_INFOPLIST_FILE = YES;
				IPHONEOS_DEPLOYMENT_TARGET = 17.5;
				MACOSX_DEPLOYMENT_TARGET = 14.5;
				MARKETING_VERSION = 1.0;
				PRODUCT_BUNDLE_IDENTIFIER = com.sahil..ProfileAppUITests;
				PRODUCT_NAME = "$(TARGET_NAME)";
				SDKROOT = auto;
				SUPPORTED_PLATFORMS = "iphoneos iphonesimulator macosx";
				SWIFT_EMIT_LOC_STRINGS = NO;
				SWIFT_VERSION = 5.0;
				TARGETED_DEVICE_FAMILY = "1,2";
				TEST_TARGET_NAME = ProfileApp;
			};
			name = Debug;
		};
		BAC3911A2C5513D80028D914 /* Release */ = {
			isa = XCBuildConfiguration;
			buildSettings = {
				ALWAYS_EMBED_SWIFT_STANDARD_LIBRARIES = YES;
				CODE_SIGN_STYLE = Automatic;
				CURRENT_PROJECT_VERSION = 1;
				GENERATE_INFOPLIST_FILE = YES;
				IPHONEOS_DEPLOYMENT_TARGET = 17.5;
				MACOSX_DEPLOYMENT_TARGET = 14.5;
				MARKETING_VERSION = 1.0;
				PRODUCT_BUNDLE_IDENTIFIER = com.sahil..ProfileAppUITests;
				PRODUCT_NAME = "$(TARGET_NAME)";
				SDKROOT = auto;
				SUPPORTED_PLATFORMS = "iphoneos iphonesimulator macosx";
				SWIFT_EMIT_LOC_STRINGS = NO;
				SWIFT_VERSION = 5.0;
				TARGETED_DEVICE_FAMILY = "1,2";
				TEST_TARGET_NAME = ProfileApp;
			};
			name = Release;
		};
/* End XCBuildConfiguration section */

/* Begin XCConfigurationList section */
		BAC390E82C5513D20028D914 /* Build configuration list for PBXProject "ProfileApp" */ = {
			isa = XCConfigurationList;
			buildConfigurations = (
				BAC391102C5513D80028D914 /* Debug */,
				BAC391112C5513D80028D914 /* Release */,
			);
			defaultConfigurationIsVisible = 0;
			defaultConfigurationName = Release;
		};
		BAC391122C5513D80028D914 /* Build configuration list for PBXNativeTarget "ProfileApp" */ = {
			isa = XCConfigurationList;
			buildConfigurations = (
				BAC391132C5513D80028D914 /* Debug */,
				BAC391142C5513D80028D914 /* Release */,
			);
			defaultConfigurationIsVisible = 0;
			defaultConfigurationName = Release;
		};
		BAC391152C5513D80028D914 /* Build configuration list for PBXNativeTarget "ProfileAppTests" */ = {
			isa = XCConfigurationList;
			buildConfigurations = (
				BAC391162C5513D80028D914 /* Debug */,
				BAC391172C5513D80028D914 /* Release */,
			);
			defaultConfigurationIsVisible = 0;
			defaultConfigurationName = Release;
		};
		BAC391182C5513D80028D914 /* Build configuration list for PBXNativeTarget "ProfileAppUITests" */ = {
			isa = XCConfigurationList;
			buildConfigurations = (
				BAC391192C5513D80028D914 /* Debug */,
				BAC3911A2C5513D80028D914 /* Release */,
			);
			defaultConfigurationIsVisible = 0;
			defaultConfigurationName = Release;
		};
/* End XCConfigurationList section */
	};
	rootObject = BAC390E52C5513D20028D914 /* Project object */;
}
